// !$*UTF8*$!
{
	archiveVersion = 1;
	classes = {
	};
	objectVersion = 50;
	objects = {

/* Begin PBXBuildFile section */
		133C654724D97CAA00BF456E /* TableViewExtension.swift in Sources */ = {isa = PBXBuildFile; fileRef = 133C654624D97CAA00BF456E /* TableViewExtension.swift */; };
		133C654924D98E5600BF456E /* ActivityIndicator.swift in Sources */ = {isa = PBXBuildFile; fileRef = 133C654824D98E5600BF456E /* ActivityIndicator.swift */; };
		137DB3EC24D8979600684567 /* AppDelegate.swift in Sources */ = {isa = PBXBuildFile; fileRef = 137DB3EB24D8979600684567 /* AppDelegate.swift */; };
		137DB3EE24D8979600684567 /* SceneDelegate.swift in Sources */ = {isa = PBXBuildFile; fileRef = 137DB3ED24D8979600684567 /* SceneDelegate.swift */; };
		137DB3F024D8979600684567 /* ViewController.swift in Sources */ = {isa = PBXBuildFile; fileRef = 137DB3EF24D8979600684567 /* ViewController.swift */; };
		137DB3F324D8979600684567 /* Main.storyboard in Resources */ = {isa = PBXBuildFile; fileRef = 137DB3F124D8979600684567 /* Main.storyboard */; };
		137DB3F524D8979600684567 /* Assets.xcassets in Resources */ = {isa = PBXBuildFile; fileRef = 137DB3F424D8979600684567 /* Assets.xcassets */; };
		137DB3F824D8979600684567 /* LaunchScreen.storyboard in Resources */ = {isa = PBXBuildFile; fileRef = 137DB3F624D8979600684567 /* LaunchScreen.storyboard */; };
		137DB40924D8993B00684567 /* ServiceManager.swift in Sources */ = {isa = PBXBuildFile; fileRef = 137DB40824D8993B00684567 /* ServiceManager.swift */; };
		137DB40B24D8994600684567 /* Requestable.swift in Sources */ = {isa = PBXBuildFile; fileRef = 137DB40A24D8994600684567 /* Requestable.swift */; };
		137DB40E24D899B300684567 /* Configuration.swift in Sources */ = {isa = PBXBuildFile; fileRef = 137DB40D24D899B300684567 /* Configuration.swift */; };
		137DB41424D89B0200684567 /* User.swift in Sources */ = {isa = PBXBuildFile; fileRef = 137DB41324D89B0200684567 /* User.swift */; };
		137DB41624D8AB5700684567 /* SearchUserViewController.swift in Sources */ = {isa = PBXBuildFile; fileRef = 137DB41524D8AB5700684567 /* SearchUserViewController.swift */; };
		137DB41924D8ABFB00684567 /* UserViewCell.swift in Sources */ = {isa = PBXBuildFile; fileRef = 137DB41824D8ABFB00684567 /* UserViewCell.swift */; };
		137DB41C24D8AD8500684567 /* CellExtension.swift in Sources */ = {isa = PBXBuildFile; fileRef = 137DB41B24D8AD8500684567 /* CellExtension.swift */; };
		137DB41E24D8ADBF00684567 /* ResponderExtension.swift in Sources */ = {isa = PBXBuildFile; fileRef = 137DB41D24D8ADBF00684567 /* ResponderExtension.swift */; };
		137DB42024D8AEF600684567 /* URLExtension.swift in Sources */ = {isa = PBXBuildFile; fileRef = 137DB41F24D8AEF600684567 /* URLExtension.swift */; };
		137DB42324D8D86F00684567 /* UserDetailViewController.swift in Sources */ = {isa = PBXBuildFile; fileRef = 137DB42224D8D86F00684567 /* UserDetailViewController.swift */; };
		137DB42724D95CA700684567 /* Profile.swift in Sources */ = {isa = PBXBuildFile; fileRef = 137DB42624D95CA700684567 /* Profile.swift */; };
		137DB42924D978D400684567 /* View.swift in Sources */ = {isa = PBXBuildFile; fileRef = 137DB42824D978D400684567 /* View.swift */; };
/* End PBXBuildFile section */

/* Begin PBXFileReference section */
		133C654624D97CAA00BF456E /* TableViewExtension.swift */ = {isa = PBXFileReference; lastKnownFileType = sourcecode.swift; path = TableViewExtension.swift; sourceTree = "<group>"; };
		133C654824D98E5600BF456E /* ActivityIndicator.swift */ = {isa = PBXFileReference; lastKnownFileType = sourcecode.swift; path = ActivityIndicator.swift; sourceTree = "<group>"; };
		137DB3E824D8979500684567 /* AnylineTest.app */ = {isa = PBXFileReference; explicitFileType = wrapper.application; includeInIndex = 0; path = AnylineTest.app; sourceTree = BUILT_PRODUCTS_DIR; };
		137DB3EB24D8979600684567 /* AppDelegate.swift */ = {isa = PBXFileReference; lastKnownFileType = sourcecode.swift; path = AppDelegate.swift; sourceTree = "<group>"; };
		137DB3ED24D8979600684567 /* SceneDelegate.swift */ = {isa = PBXFileReference; lastKnownFileType = sourcecode.swift; path = SceneDelegate.swift; sourceTree = "<group>"; };
		137DB3EF24D8979600684567 /* ViewController.swift */ = {isa = PBXFileReference; lastKnownFileType = sourcecode.swift; path = ViewController.swift; sourceTree = "<group>"; };
		137DB3F224D8979600684567 /* Base */ = {isa = PBXFileReference; lastKnownFileType = file.storyboard; name = Base; path = Base.lproj/Main.storyboard; sourceTree = "<group>"; };
		137DB3F424D8979600684567 /* Assets.xcassets */ = {isa = PBXFileReference; lastKnownFileType = folder.assetcatalog; path = Assets.xcassets; sourceTree = "<group>"; };
		137DB3F724D8979600684567 /* Base */ = {isa = PBXFileReference; lastKnownFileType = file.storyboard; name = Base; path = Base.lproj/LaunchScreen.storyboard; sourceTree = "<group>"; };
		137DB3F924D8979600684567 /* Info.plist */ = {isa = PBXFileReference; lastKnownFileType = text.plist.xml; path = Info.plist; sourceTree = "<group>"; };
		137DB40824D8993B00684567 /* ServiceManager.swift */ = {isa = PBXFileReference; lastKnownFileType = sourcecode.swift; path = ServiceManager.swift; sourceTree = "<group>"; };
		137DB40A24D8994600684567 /* Requestable.swift */ = {isa = PBXFileReference; lastKnownFileType = sourcecode.swift; path = Requestable.swift; sourceTree = "<group>"; };
		137DB40D24D899B300684567 /* Configuration.swift */ = {isa = PBXFileReference; lastKnownFileType = sourcecode.swift; path = Configuration.swift; sourceTree = "<group>"; };
		137DB41324D89B0200684567 /* User.swift */ = {isa = PBXFileReference; lastKnownFileType = sourcecode.swift; path = User.swift; sourceTree = "<group>"; };
		137DB41524D8AB5700684567 /* SearchUserViewController.swift */ = {isa = PBXFileReference; lastKnownFileType = sourcecode.swift; path = SearchUserViewController.swift; sourceTree = "<group>"; };
		137DB41824D8ABFB00684567 /* UserViewCell.swift */ = {isa = PBXFileReference; lastKnownFileType = sourcecode.swift; path = UserViewCell.swift; sourceTree = "<group>"; };
		137DB41B24D8AD8500684567 /* CellExtension.swift */ = {isa = PBXFileReference; lastKnownFileType = sourcecode.swift; path = CellExtension.swift; sourceTree = "<group>"; };
		137DB41D24D8ADBF00684567 /* ResponderExtension.swift */ = {isa = PBXFileReference; lastKnownFileType = sourcecode.swift; path = ResponderExtension.swift; sourceTree = "<group>"; };
		137DB41F24D8AEF600684567 /* URLExtension.swift */ = {isa = PBXFileReference; lastKnownFileType = sourcecode.swift; path = URLExtension.swift; sourceTree = "<group>"; };
		137DB42224D8D86F00684567 /* UserDetailViewController.swift */ = {isa = PBXFileReference; lastKnownFileType = sourcecode.swift; path = UserDetailViewController.swift; sourceTree = "<group>"; };
		137DB42624D95CA700684567 /* Profile.swift */ = {isa = PBXFileReference; lastKnownFileType = sourcecode.swift; path = Profile.swift; sourceTree = "<group>"; };
		137DB42824D978D400684567 /* View.swift */ = {isa = PBXFileReference; lastKnownFileType = sourcecode.swift; path = View.swift; sourceTree = "<group>"; };
/* End PBXFileReference section */

/* Begin PBXFrameworksBuildPhase section */
		137DB3E524D8979500684567 /* Frameworks */ = {
			isa = PBXFrameworksBuildPhase;
			buildActionMask = 2147483647;
			files = (
			);
			runOnlyForDeploymentPostprocessing = 0;
		};
/* End PBXFrameworksBuildPhase section */

/* Begin PBXGroup section */
		137DB3DF24D8979500684567 = {
			isa = PBXGroup;
			children = (
				137DB3EA24D8979600684567 /* AnylineTest */,
				137DB3E924D8979500684567 /* Products */,
			);
			sourceTree = "<group>";
		};
		137DB3E924D8979500684567 /* Products */ = {
			isa = PBXGroup;
			children = (
				137DB3E824D8979500684567 /* AnylineTest.app */,
			);
			name = Products;
			sourceTree = "<group>";
		};
		137DB3EA24D8979600684567 /* AnylineTest */ = {
			isa = PBXGroup;
			children = (
				137DB41A24D8AD1700684567 /* Helper */,
				137DB40F24D89AC800684567 /* Module */,
				137DB40C24D899A100684567 /* Configuration */,
				137DB40724D8992900684567 /* Manager */,
				137DB3EB24D8979600684567 /* AppDelegate.swift */,
				137DB3ED24D8979600684567 /* SceneDelegate.swift */,
				137DB3EF24D8979600684567 /* ViewController.swift */,
				137DB3F124D8979600684567 /* Main.storyboard */,
				137DB3F424D8979600684567 /* Assets.xcassets */,
				137DB3F624D8979600684567 /* LaunchScreen.storyboard */,
				137DB3F924D8979600684567 /* Info.plist */,
			);
			path = AnylineTest;
			sourceTree = "<group>";
		};
		137DB40724D8992900684567 /* Manager */ = {
			isa = PBXGroup;
			children = (
				137DB40824D8993B00684567 /* ServiceManager.swift */,
				137DB40A24D8994600684567 /* Requestable.swift */,
			);
			path = Manager;
			sourceTree = "<group>";
		};
		137DB40C24D899A100684567 /* Configuration */ = {
			isa = PBXGroup;
			children = (
				137DB40D24D899B300684567 /* Configuration.swift */,
			);
			path = Configuration;
			sourceTree = "<group>";
		};
		137DB40F24D89AC800684567 /* Module */ = {
			isa = PBXGroup;
			children = (
				137DB42124D8D85500684567 /* UserDetail */,
				137DB41024D89AD200684567 /* Search */,
			);
			path = Module;
			sourceTree = "<group>";
		};
		137DB41024D89AD200684567 /* Search */ = {
			isa = PBXGroup;
			children = (
				137DB41724D8ABCF00684567 /* View */,
				137DB41224D89AF300684567 /* ViewController */,
				137DB41124D89AE900684567 /* Model */,
			);
			path = Search;
			sourceTree = "<group>";
		};
		137DB41124D89AE900684567 /* Model */ = {
			isa = PBXGroup;
			children = (
				137DB41324D89B0200684567 /* User.swift */,
			);
			path = Model;
			sourceTree = "<group>";
		};
		137DB41224D89AF300684567 /* ViewController */ = {
			isa = PBXGroup;
			children = (
				137DB41524D8AB5700684567 /* SearchUserViewController.swift */,
			);
			path = ViewController;
			sourceTree = "<group>";
		};
		137DB41724D8ABCF00684567 /* View */ = {
			isa = PBXGroup;
			children = (
				137DB41824D8ABFB00684567 /* UserViewCell.swift */,
			);
			path = View;
			sourceTree = "<group>";
		};
		137DB41A24D8AD1700684567 /* Helper */ = {
			isa = PBXGroup;
			children = (
				137DB41B24D8AD8500684567 /* CellExtension.swift */,
				137DB41D24D8ADBF00684567 /* ResponderExtension.swift */,
				137DB41F24D8AEF600684567 /* URLExtension.swift */,
				137DB42824D978D400684567 /* View.swift */,
				133C654624D97CAA00BF456E /* TableViewExtension.swift */,
				133C654824D98E5600BF456E /* ActivityIndicator.swift */,
			);
			path = Helper;
			sourceTree = "<group>";
		};
		137DB42124D8D85500684567 /* UserDetail */ = {
			isa = PBXGroup;
			children = (
				137DB42524D95AF800684567 /* Model */,
				137DB42424D8D87200684567 /* ViewController */,
			);
			path = UserDetail;
			sourceTree = "<group>";
		};
		137DB42424D8D87200684567 /* ViewController */ = {
			isa = PBXGroup;
			children = (
				137DB42224D8D86F00684567 /* UserDetailViewController.swift */,
			);
			path = ViewController;
			sourceTree = "<group>";
		};
		137DB42524D95AF800684567 /* Model */ = {
			isa = PBXGroup;
			children = (
				137DB42624D95CA700684567 /* Profile.swift */,
			);
			path = Model;
			sourceTree = "<group>";
		};
/* End PBXGroup section */

/* Begin PBXNativeTarget section */
		137DB3E724D8979500684567 /* AnylineTest */ = {
			isa = PBXNativeTarget;
			buildConfigurationList = 137DB3FC24D8979600684567 /* Build configuration list for PBXNativeTarget "AnylineTest" */;
			buildPhases = (
				137DB3E424D8979500684567 /* Sources */,
				137DB3E524D8979500684567 /* Frameworks */,
				137DB3E624D8979500684567 /* Resources */,
			);
			buildRules = (
			);
			dependencies = (
			);
			name = AnylineTest;
			productName = AnylineTest;
			productReference = 137DB3E824D8979500684567 /* AnylineTest.app */;
			productType = "com.apple.product-type.application";
		};
/* End PBXNativeTarget section */

/* Begin PBXProject section */
		137DB3E024D8979500684567 /* Project object */ = {
			isa = PBXProject;
			attributes = {
				LastSwiftUpdateCheck = 1130;
				LastUpgradeCheck = 1130;
				ORGANIZATIONNAME = AnylineTest;
				TargetAttributes = {
					137DB3E724D8979500684567 = {
						CreatedOnToolsVersion = 11.3.1;
					};
				};
			};
			buildConfigurationList = 137DB3E324D8979500684567 /* Build configuration list for PBXProject "AnylineTest" */;
			compatibilityVersion = "Xcode 9.3";
			developmentRegion = en;
			hasScannedForEncodings = 0;
			knownRegions = (
				en,
				Base,
			);
			mainGroup = 137DB3DF24D8979500684567;
			productRefGroup = 137DB3E924D8979500684567 /* Products */;
			projectDirPath = "";
			projectRoot = "";
			targets = (
				137DB3E724D8979500684567 /* AnylineTest */,
			);
		};
/* End PBXProject section */

/* Begin PBXResourcesBuildPhase section */
		137DB3E624D8979500684567 /* Resources */ = {
			isa = PBXResourcesBuildPhase;
			buildActionMask = 2147483647;
			files = (
				137DB3F824D8979600684567 /* LaunchScreen.storyboard in Resources */,
				137DB3F524D8979600684567 /* Assets.xcassets in Resources */,
				137DB3F324D8979600684567 /* Main.storyboard in Resources */,
			);
			runOnlyForDeploymentPostprocessing = 0;
		};
/* End PBXResourcesBuildPhase section */

/* Begin PBXSourcesBuildPhase section */
		137DB3E424D8979500684567 /* Sources */ = {
			isa = PBXSourcesBuildPhase;
			buildActionMask = 2147483647;
			files = (
				137DB40E24D899B300684567 /* Configuration.swift in Sources */,
				137DB40B24D8994600684567 /* Requestable.swift in Sources */,
				137DB42924D978D400684567 /* View.swift in Sources */,
				133C654724D97CAA00BF456E /* TableViewExtension.swift in Sources */,
				137DB42324D8D86F00684567 /* UserDetailViewController.swift in Sources */,
				137DB42724D95CA700684567 /* Profile.swift in Sources */,
				137DB3F024D8979600684567 /* ViewController.swift in Sources */,
				137DB3EC24D8979600684567 /* AppDelegate.swift in Sources */,
				137DB41E24D8ADBF00684567 /* ResponderExtension.swift in Sources */,
				137DB42024D8AEF600684567 /* URLExtension.swift in Sources */,
				137DB3EE24D8979600684567 /* SceneDelegate.swift in Sources */,
				137DB41624D8AB5700684567 /* SearchUserViewController.swift in Sources */,
				137DB41924D8ABFB00684567 /* UserViewCell.swift in Sources */,
				137DB40924D8993B00684567 /* ServiceManager.swift in Sources */,
				137DB41424D89B0200684567 /* User.swift in Sources */,
				137DB41C24D8AD8500684567 /* CellExtension.swift in Sources */,
				133C654924D98E5600BF456E /* ActivityIndicator.swift in Sources */,
			);
			runOnlyForDeploymentPostprocessing = 0;
		};
/* End PBXSourcesBuildPhase section */

/* Begin PBXVariantGroup section */
		137DB3F124D8979600684567 /* Main.storyboard */ = {
			isa = PBXVariantGroup;
			children = (
				137DB3F224D8979600684567 /* Base */,
			);
			name = Main.storyboard;
			sourceTree = "<group>";
		};
		137DB3F624D8979600684567 /* LaunchScreen.storyboard */ = {
			isa = PBXVariantGroup;
			children = (
				137DB3F724D8979600684567 /* Base */,
			);
			name = LaunchScreen.storyboard;
			sourceTree = "<group>";
		};
/* End PBXVariantGroup section */

/* Begin XCBuildConfiguration section */
		137DB3FA24D8979600684567 /* Debug */ = {
			isa = XCBuildConfiguration;
			buildSettings = {
				ALWAYS_SEARCH_USER_PATHS = NO;
				CLANG_ANALYZER_NONNULL = YES;
				CLANG_ANALYZER_NUMBER_OBJECT_CONVERSION = YES_AGGRESSIVE;
				CLANG_CXX_LANGUAGE_STANDARD = "gnu++14";
				CLANG_CXX_LIBRARY = "libc++";
				CLANG_ENABLE_MODULES = YES;
				CLANG_ENABLE_OBJC_ARC = YES;
				CLANG_ENABLE_OBJC_WEAK = YES;
				CLANG_WARN_BLOCK_CAPTURE_AUTORELEASING = YES;
				CLANG_WARN_BOOL_CONVERSION = YES;
				CLANG_WARN_COMMA = YES;
				CLANG_WARN_CONSTANT_CONVERSION = YES;
				CLANG_WARN_DEPRECATED_OBJC_IMPLEMENTATIONS = YES;
				CLANG_WARN_DIRECT_OBJC_ISA_USAGE = YES_ERROR;
				CLANG_WARN_DOCUMENTATION_COMMENTS = YES;
				CLANG_WARN_EMPTY_BODY = YES;
				CLANG_WARN_ENUM_CONVERSION = YES;
				CLANG_WARN_INFINITE_RECURSION = YES;
				CLANG_WARN_INT_CONVERSION = YES;
				CLANG_WARN_NON_LITERAL_NULL_CONVERSION = YES;
				CLANG_WARN_OBJC_IMPLICIT_RETAIN_SELF = YES;
				CLANG_WARN_OBJC_LITERAL_CONVERSION = YES;
				CLANG_WARN_OBJC_ROOT_CLASS = YES_ERROR;
				CLANG_WARN_RANGE_LOOP_ANALYSIS = YES;
				CLANG_WARN_STRICT_PROTOTYPES = YES;
				CLANG_WARN_SUSPICIOUS_MOVE = YES;
				CLANG_WARN_UNGUARDED_AVAILABILITY = YES_AGGRESSIVE;
				CLANG_WARN_UNREACHABLE_CODE = YES;
				CLANG_WARN__DUPLICATE_METHOD_MATCH = YES;
				COPY_PHASE_STRIP = NO;
				DEBUG_INFORMATION_FORMAT = dwarf;
				ENABLE_STRICT_OBJC_MSGSEND = YES;
				ENABLE_TESTABILITY = YES;
				GCC_C_LANGUAGE_STANDARD = gnu11;
				GCC_DYNAMIC_NO_PIC = NO;
				GCC_NO_COMMON_BLOCKS = YES;
				GCC_OPTIMIZATION_LEVEL = 0;
				GCC_PREPROCESSOR_DEFINITIONS = (
					"DEBUG=1",
					"$(inherited)",
				);
				GCC_WARN_64_TO_32_BIT_CONVERSION = YES;
				GCC_WARN_ABOUT_RETURN_TYPE = YES_ERROR;
				GCC_WARN_UNDECLARED_SELECTOR = YES;
				GCC_WARN_UNINITIALIZED_AUTOS = YES_AGGRESSIVE;
				GCC_WARN_UNUSED_FUNCTION = YES;
				GCC_WARN_UNUSED_VARIABLE = YES;
				IPHONEOS_DEPLOYMENT_TARGET = 13.2;
				MTL_ENABLE_DEBUG_INFO = INCLUDE_SOURCE;
				MTL_FAST_MATH = YES;
				ONLY_ACTIVE_ARCH = YES;
				SDKROOT = iphoneos;
				SWIFT_ACTIVE_COMPILATION_CONDITIONS = DEBUG;
				SWIFT_OPTIMIZATION_LEVEL = "-Onone";
			};
			name = Debug;
		};
		137DB3FB24D8979600684567 /* Release */ = {
			isa = XCBuildConfiguration;
			buildSettings = {
				ALWAYS_SEARCH_USER_PATHS = NO;
				CLANG_ANALYZER_NONNULL = YES;
				CLANG_ANALYZER_NUMBER_OBJECT_CONVERSION = YES_AGGRESSIVE;
				CLANG_CXX_LANGUAGE_STANDARD = "gnu++14";
				CLANG_CXX_LIBRARY = "libc++";
				CLANG_ENABLE_MODULES = YES;
				CLANG_ENABLE_OBJC_ARC = YES;
				CLANG_ENABLE_OBJC_WEAK = YES;
				CLANG_WARN_BLOCK_CAPTURE_AUTORELEASING = YES;
				CLANG_WARN_BOOL_CONVERSION = YES;
				CLANG_WARN_COMMA = YES;
				CLANG_WARN_CONSTANT_CONVERSION = YES;
				CLANG_WARN_DEPRECATED_OBJC_IMPLEMENTATIONS = YES;
				CLANG_WARN_DIRECT_OBJC_ISA_USAGE = YES_ERROR;
				CLANG_WARN_DOCUMENTATION_COMMENTS = YES;
				CLANG_WARN_EMPTY_BODY = YES;
				CLANG_WARN_ENUM_CONVERSION = YES;
				CLANG_WARN_INFINITE_RECURSION = YES;
				CLANG_WARN_INT_CONVERSION = YES;
				CLANG_WARN_NON_LITERAL_NULL_CONVERSION = YES;
				CLANG_WARN_OBJC_IMPLICIT_RETAIN_SELF = YES;
				CLANG_WARN_OBJC_LITERAL_CONVERSION = YES;
				CLANG_WARN_OBJC_ROOT_CLASS = YES_ERROR;
				CLANG_WARN_RANGE_LOOP_ANALYSIS = YES;
				CLANG_WARN_STRICT_PROTOTYPES = YES;
				CLANG_WARN_SUSPICIOUS_MOVE = YES;
				CLANG_WARN_UNGUARDED_AVAILABILITY = YES_AGGRESSIVE;
				CLANG_WARN_UNREACHABLE_CODE = YES;
				CLANG_WARN__DUPLICATE_METHOD_MATCH = YES;
				COPY_PHASE_STRIP = NO;
				DEBUG_INFORMATION_FORMAT = "dwarf-with-dsym";
				ENABLE_NS_ASSERTIONS = NO;
				ENABLE_STRICT_OBJC_MSGSEND = YES;
				GCC_C_LANGUAGE_STANDARD = gnu11;
				GCC_NO_COMMON_BLOCKS = YES;
				GCC_WARN_64_TO_32_BIT_CONVERSION = YES;
				GCC_WARN_ABOUT_RETURN_TYPE = YES_ERROR;
				GCC_WARN_UNDECLARED_SELECTOR = YES;
				GCC_WARN_UNINITIALIZED_AUTOS = YES_AGGRESSIVE;
				GCC_WARN_UNUSED_FUNCTION = YES;
				GCC_WARN_UNUSED_VARIABLE = YES;
				IPHONEOS_DEPLOYMENT_TARGET = 13.2;
				MTL_ENABLE_DEBUG_INFO = NO;
				MTL_FAST_MATH = YES;
				SDKROOT = iphoneos;
				SWIFT_COMPILATION_MODE = wholemodule;
				SWIFT_OPTIMIZATION_LEVEL = "-O";
				VALIDATE_PRODUCT = YES;
			};
			name = Release;
		};
		137DB3FD24D8979600684567 /* Debug */ = {
			isa = XCBuildConfiguration;
			buildSettings = {
				ASSETCATALOG_COMPILER_APPICON_NAME = AppIcon;
				CODE_SIGN_STYLE = Automatic;
				DEVELOPMENT_TEAM = EHNB78KN5B;
				INFOPLIST_FILE = AnylineTest/Info.plist;
				LD_RUNPATH_SEARCH_PATHS = (
					"$(inherited)",
					"@executable_path/Frameworks",
				);
				PRODUCT_BUNDLE_IDENTIFIER = com.AnylineTest.AnylineTest;
				PRODUCT_NAME = "$(TARGET_NAME)";
				SWIFT_VERSION = 5.0;
				TARGETED_DEVICE_FAMILY = "1,2";
			};
			name = Debug;
		};
		137DB3FE24D8979600684567 /* Release */ = {
			isa = XCBuildConfiguration;
			buildSettings = {
				ASSETCATALOG_COMPILER_APPICON_NAME = AppIcon;
				CODE_SIGN_STYLE = Automatic;
				DEVELOPMENT_TEAM = EHNB78KN5B;
				INFOPLIST_FILE = AnylineTest/Info.plist;
				LD_RUNPATH_SEARCH_PATHS = (
					"$(inherited)",
					"@executable_path/Frameworks",
				);
				PRODUCT_BUNDLE_IDENTIFIER = com.AnylineTest.AnylineTest;
				PRODUCT_NAME = "$(TARGET_NAME)";
				SWIFT_VERSION = 5.0;
				TARGETED_DEVICE_FAMILY = "1,2";
			};
			name = Release;
		};
/* End XCBuildConfiguration section */

/* Begin XCConfigurationList section */
		137DB3E324D8979500684567 /* Build configuration list for PBXProject "AnylineTest" */ = {
			isa = XCConfigurationList;
			buildConfigurations = (
				137DB3FA24D8979600684567 /* Debug */,
				137DB3FB24D8979600684567 /* Release */,
			);
			defaultConfigurationIsVisible = 0;
			defaultConfigurationName = Release;
		};
		137DB3FC24D8979600684567 /* Build configuration list for PBXNativeTarget "AnylineTest" */ = {
			isa = XCConfigurationList;
			buildConfigurations = (
				137DB3FD24D8979600684567 /* Debug */,
				137DB3FE24D8979600684567 /* Release */,
			);
			defaultConfigurationIsVisible = 0;
			defaultConfigurationName = Release;
		};
/* End XCConfigurationList section */
	};
	rootObject = 137DB3E024D8979500684567 /* Project object */;
}
